
Microsoft Visual Studio Solution File, Format Version 12.00
# Visual Studio Version 17
VisualStudioVersion = 17.8.34408.163
MinimumVisualStudioVersion = 10.0.40219.1
Project("{FAE04EC0-301F-11D3-BF4B-00C04F79EFBC}") = "ConsoleApp3", "ConsoleApp3\ConsoleApp3.csproj", "{003F567C-9DF2-4B6B-B46A-9822399D01A4}"
EndProject
Global
	GlobalSection(SolutionConfigurationPlatforms) = preSolution
		Debug|Any CPU = Debug|Any CPU
		Release|Any CPU = Release|Any CPU
	EndGlobalSection
	GlobalSection(ProjectConfigurationPlatforms) = postSolution
		{003F567C-9DF2-4B6B-B46A-9822399D01A4}.Debug|Any CPU.ActiveCfg = Debug|Any CPU
		{003F567C-9DF2-4B6B-B46A-9822399D01A4}.Debug|Any CPU.Build.0 = Debug|Any CPU
		{003F567C-9DF2-4B6B-B46A-9822399D01A4}.Release|Any CPU.ActiveCfg = Release|Any CPU
		{003F567C-9DF2-4B6B-B46A-9822399D01A4}.Release|Any CPU.Build.0 = Release|Any CPU
	EndGlobalSection
	GlobalSection(SolutionProperties) = preSolution
		HideSolutionNode = FALSE
	EndGlobalSection
	GlobalSection(ExtensibilityGlobals) = postSolution
		SolutionGuid = {5DCD15E0-AB2F-4E50-B59A-29CE583D1655}
	EndGlobalSection
EndGlobal
